
Microsoft Visual Studio Solution File, Format Version 12.00
# Visual Studio Version 17
VisualStudioVersion = 17.8.34316.72
MinimumVisualStudioVersion = 10.0.40219.1
Project("{2150E333-8FDC-42A3-9474-1A3956D46DE8}") = "Shell", "Shell", "{14727FDA-BE62-4C75-BD55-66287F45A43B}"
EndProject
Project("{FAE04EC0-301F-11D3-BF4B-00C04F79EFBC}") = "ShellDotSp.Contract", "..\..\..\ShellDotSpVNext\ShellDotSp.Contract\ShellDotSp.Contract.csproj", "{93E4C9BB-DCFF-4F19-B37C-0A3ADAFF4730}"
EndProject
Project("{FAE04EC0-301F-11D3-BF4B-00C04F79EFBC}") = "ShellDotSp.Core", "..\..\..\ShellDotSpVNext\ShellDotSp.Core\ShellDotSp.Core.csproj", "{799BDDAE-92EF-4D40-8ED0-C98401D8BCBD}"
EndProject
Project("{FAE04EC0-301F-11D3-BF4B-00C04F79EFBC}") = "ShellDotSp.Datalayer", "..\..\..\ShellDotSpVNext\ShellDotSp.Datalayer\ShellDotSp.Datalayer.csproj", "{25BC70F6-F827-41FD-BDC8-6BA74739F153}"
EndProject
Project("{FAE04EC0-301F-11D3-BF4B-00C04F79EFBC}") = "ShellDotSp.UI", "..\..\..\ShellDotSpVNext\ShellDotSp.UI\ShellDotSp.UI.csproj", "{9342187A-894C-4581-BCB2-27E2761AE234}"
	ProjectSection(ProjectDependencies) = postProject
		{0B74E305-3064-421E-B676-D322FE6B3194} = {0B74E305-3064-421E-B676-D322FE6B3194}
		{D1CBE421-596F-43E9-A988-EF60176E89F7} = {D1CBE421-596F-43E9-A988-EF60176E89F7}
		{2213AA23-AF5D-4DD2-879D-A59666B12F8A} = {2213AA23-AF5D-4DD2-879D-A59666B12F8A}
		{FC566628-CCC4-405A-959E-C18751C0C098} = {FC566628-CCC4-405A-959E-C18751C0C098}
		{262ECD83-C207-4E8F-BD87-CE9FAD7FE6FC} = {262ECD83-C207-4E8F-BD87-CE9FAD7FE6FC}
		{EFA8B692-E38F-409B-929A-FC680DFF4C5D} = {EFA8B692-E38F-409B-929A-FC680DFF4C5D}
		{4E23AAA0-D9BC-4EB7-B853-9EA8ABFD70C0} = {4E23AAA0-D9BC-4EB7-B853-9EA8ABFD70C0}
		{3B7A36E1-1EC6-4218-8656-0E605BC1AEA2} = {3B7A36E1-1EC6-4218-8656-0E605BC1AEA2}
		{25BC70F6-F827-41FD-BDC8-6BA74739F153} = {25BC70F6-F827-41FD-BDC8-6BA74739F153}
	EndProjectSection
EndProject
Project("{2150E333-8FDC-42A3-9474-1A3956D46DE8}") = "Plugins", "Plugins", "{2050621A-E20A-44BC-BB6A-50FBF2C0D3F1}"
EndProject
Project("{2150E333-8FDC-42A3-9474-1A3956D46DE8}") = "Solution Items", "Solution Items", "{A5DBFCA7-D4AB-453B-AFCA-D6B865E2B529}"
	ProjectSection(SolutionItems) = preProject
		CleanPlugin.cmd = CleanPlugin.cmd
	EndProjectSection
EndProject
Project("{FAE04EC0-301F-11D3-BF4B-00C04F79EFBC}") = "ShellDotSp.Plugin.GariglioAnag", "ShellDotSp.Plugin.GariglioAnag\ShellDotSp.Plugin.GariglioAnag.csproj", "{3B7A36E1-1EC6-4218-8656-0E605BC1AEA2}"
EndProject
Project("{FAE04EC0-301F-11D3-BF4B-00C04F79EFBC}") = "ShellDotSp.Plugin.GariglioCore", "ShellDotSp.Plugin.GariglioCore\ShellDotSp.Plugin.GariglioCore.csproj", "{FC566628-CCC4-405A-959E-C18751C0C098}"
EndProject
Project("{FAE04EC0-301F-11D3-BF4B-00C04F79EFBC}") = "ShellDotSp.Plugin.GariglioIngressoMerci", "ShellDotSp.Plugin.GariglioIngressoMerci\ShellDotSp.Plugin.GariglioIngressoMerci.csproj", "{4E23AAA0-D9BC-4EB7-B853-9EA8ABFD70C0}"
EndProject
Project("{FAE04EC0-301F-11D3-BF4B-00C04F79EFBC}") = "ShellDotSp.Plugin.GariglioGiacenze", "ShellDotSp.Plugin.GariglioGiacenze\ShellDotSp.Plugin.GariglioGiacenze.csproj", "{262ECD83-C207-4E8F-BD87-CE9FAD7FE6FC}"
EndProject
Project("{FAE04EC0-301F-11D3-BF4B-00C04F79EFBC}") = "ShellDotSp.Plugin.GariglioIrrigazione", "ShellDotSp.Plugin.GariglioIrrigazione\ShellDotSp.Plugin.GariglioIrrigazione.csproj", "{D1CBE421-596F-43E9-A988-EF60176E89F7}"
EndProject
Project("{FAE04EC0-301F-11D3-BF4B-00C04F79EFBC}") = "ShellDotSp.Plugin.GariglioRicetteConcimazione", "ShellDotSp.Plugin.GariglioRicetteConcimazione\ShellDotSp.Plugin.GariglioRicetteConcimazione.csproj", "{2213AA23-AF5D-4DD2-879D-A59666B12F8A}"
EndProject
Project("{FAE04EC0-301F-11D3-BF4B-00C04F79EFBC}") = "ShellDotSp.Plugin.GariglioTraccia", "ShellDotSp.Plugin.GariglioTraccia\ShellDotSp.Plugin.GariglioTraccia.csproj", "{EFA8B692-E38F-409B-929A-FC680DFF4C5D}"
EndProject
Project("{FAE04EC0-301F-11D3-BF4B-00C04F79EFBC}") = "ShellDotSp.Plugin.GariglioUscitaMerci", "ShellDotSp.Plugin.GariglioUscitaMerci\ShellDotSp.Plugin.GariglioUscitaMerci.csproj", "{0B74E305-3064-421E-B676-D322FE6B3194}"
EndProject
Global
	GlobalSection(SolutionConfigurationPlatforms) = preSolution
		Debug|Any CPU = Debug|Any CPU
		Release|Any CPU = Release|Any CPU
	EndGlobalSection
	GlobalSection(ProjectConfigurationPlatforms) = postSolution
		{93E4C9BB-DCFF-4F19-B37C-0A3ADAFF4730}.Debug|Any CPU.ActiveCfg = Debug|Any CPU
		{93E4C9BB-DCFF-4F19-B37C-0A3ADAFF4730}.Debug|Any CPU.Build.0 = Debug|Any CPU
		{93E4C9BB-DCFF-4F19-B37C-0A3ADAFF4730}.Release|Any CPU.ActiveCfg = Release|Any CPU
		{93E4C9BB-DCFF-4F19-B37C-0A3ADAFF4730}.Release|Any CPU.Build.0 = Release|Any CPU
		{799BDDAE-92EF-4D40-8ED0-C98401D8BCBD}.Debug|Any CPU.ActiveCfg = Debug|Any CPU
		{799BDDAE-92EF-4D40-8ED0-C98401D8BCBD}.Debug|Any CPU.Build.0 = Debug|Any CPU
		{799BDDAE-92EF-4D40-8ED0-C98401D8BCBD}.Release|Any CPU.ActiveCfg = Release|Any CPU
		{799BDDAE-92EF-4D40-8ED0-C98401D8BCBD}.Release|Any CPU.Build.0 = Release|Any CPU
		{25BC70F6-F827-41FD-BDC8-6BA74739F153}.Debug|Any CPU.ActiveCfg = Debug|Any CPU
		{25BC70F6-F827-41FD-BDC8-6BA74739F153}.Debug|Any CPU.Build.0 = Debug|Any CPU
		{25BC70F6-F827-41FD-BDC8-6BA74739F153}.Release|Any CPU.ActiveCfg = Release|Any CPU
		{25BC70F6-F827-41FD-BDC8-6BA74739F153}.Release|Any CPU.Build.0 = Release|Any CPU
		{9342187A-894C-4581-BCB2-27E2761AE234}.Debug|Any CPU.ActiveCfg = Debug|Any CPU
		{9342187A-894C-4581-BCB2-27E2761AE234}.Debug|Any CPU.Build.0 = Debug|Any CPU
		{9342187A-894C-4581-BCB2-27E2761AE234}.Release|Any CPU.ActiveCfg = Release|Any CPU
		{9342187A-894C-4581-BCB2-27E2761AE234}.Release|Any CPU.Build.0 = Release|Any CPU
		{3B7A36E1-1EC6-4218-8656-0E605BC1AEA2}.Debug|Any CPU.ActiveCfg = Debug|Any CPU
		{3B7A36E1-1EC6-4218-8656-0E605BC1AEA2}.Debug|Any CPU.Build.0 = Debug|Any CPU
		{3B7A36E1-1EC6-4218-8656-0E605BC1AEA2}.Release|Any CPU.ActiveCfg = Release|Any CPU
		{3B7A36E1-1EC6-4218-8656-0E605BC1AEA2}.Release|Any CPU.Build.0 = Release|Any CPU
		{FC566628-CCC4-405A-959E-C18751C0C098}.Debug|Any CPU.ActiveCfg = Debug|Any CPU
		{FC566628-CCC4-405A-959E-C18751C0C098}.Debug|Any CPU.Build.0 = Debug|Any CPU
		{FC566628-CCC4-405A-959E-C18751C0C098}.Release|Any CPU.ActiveCfg = Release|Any CPU
		{FC566628-CCC4-405A-959E-C18751C0C098}.Release|Any CPU.Build.0 = Release|Any CPU
		{4E23AAA0-D9BC-4EB7-B853-9EA8ABFD70C0}.Debug|Any CPU.ActiveCfg = Debug|Any CPU
		{4E23AAA0-D9BC-4EB7-B853-9EA8ABFD70C0}.Debug|Any CPU.Build.0 = Debug|Any CPU
		{4E23AAA0-D9BC-4EB7-B853-9EA8ABFD70C0}.Release|Any CPU.ActiveCfg = Release|Any CPU
		{4E23AAA0-D9BC-4EB7-B853-9EA8ABFD70C0}.Release|Any CPU.Build.0 = Release|Any CPU
		{262ECD83-C207-4E8F-BD87-CE9FAD7FE6FC}.Debug|Any CPU.ActiveCfg = Debug|Any CPU
		{262ECD83-C207-4E8F-BD87-CE9FAD7FE6FC}.Debug|Any CPU.Build.0 = Debug|Any CPU
		{262ECD83-C207-4E8F-BD87-CE9FAD7FE6FC}.Release|Any CPU.ActiveCfg = Release|Any CPU
		{262ECD83-C207-4E8F-BD87-CE9FAD7FE6FC}.Release|Any CPU.Build.0 = Release|Any CPU
		{D1CBE421-596F-43E9-A988-EF60176E89F7}.Debug|Any CPU.ActiveCfg = Debug|Any CPU
		{D1CBE421-596F-43E9-A988-EF60176E89F7}.Debug|Any CPU.Build.0 = Debug|Any CPU
		{D1CBE421-596F-43E9-A988-EF60176E89F7}.Release|Any CPU.ActiveCfg = Release|Any CPU
		{D1CBE421-596F-43E9-A988-EF60176E89F7}.Release|Any CPU.Build.0 = Release|Any CPU
		{2213AA23-AF5D-4DD2-879D-A59666B12F8A}.Debug|Any CPU.ActiveCfg = Debug|Any CPU
		{2213AA23-AF5D-4DD2-879D-A59666B12F8A}.Debug|Any CPU.Build.0 = Debug|Any CPU
		{2213AA23-AF5D-4DD2-879D-A59666B12F8A}.Release|Any CPU.ActiveCfg = Release|Any CPU
		{2213AA23-AF5D-4DD2-879D-A59666B12F8A}.Release|Any CPU.Build.0 = Release|Any CPU
		{EFA8B692-E38F-409B-929A-FC680DFF4C5D}.Debug|Any CPU.ActiveCfg = Debug|Any CPU
		{EFA8B692-E38F-409B-929A-FC680DFF4C5D}.Debug|Any CPU.Build.0 = Debug|Any CPU
		{EFA8B692-E38F-409B-929A-FC680DFF4C5D}.Release|Any CPU.ActiveCfg = Release|Any CPU
		{EFA8B692-E38F-409B-929A-FC680DFF4C5D}.Release|Any CPU.Build.0 = Release|Any CPU
		{0B74E305-3064-421E-B676-D322FE6B3194}.Debug|Any CPU.ActiveCfg = Debug|Any CPU
		{0B74E305-3064-421E-B676-D322FE6B3194}.Debug|Any CPU.Build.0 = Debug|Any CPU
		{0B74E305-3064-421E-B676-D322FE6B3194}.Release|Any CPU.ActiveCfg = Release|Any CPU
		{0B74E305-3064-421E-B676-D322FE6B3194}.Release|Any CPU.Build.0 = Release|Any CPU
	EndGlobalSection
	GlobalSection(SolutionProperties) = preSolution
		HideSolutionNode = FALSE
	EndGlobalSection
	GlobalSection(NestedProjects) = preSolution
		{93E4C9BB-DCFF-4F19-B37C-0A3ADAFF4730} = {14727FDA-BE62-4C75-BD55-66287F45A43B}
		{799BDDAE-92EF-4D40-8ED0-C98401D8BCBD} = {14727FDA-BE62-4C75-BD55-66287F45A43B}
		{25BC70F6-F827-41FD-BDC8-6BA74739F153} = {14727FDA-BE62-4C75-BD55-66287F45A43B}
		{9342187A-894C-4581-BCB2-27E2761AE234} = {14727FDA-BE62-4C75-BD55-66287F45A43B}
		{3B7A36E1-1EC6-4218-8656-0E605BC1AEA2} = {2050621A-E20A-44BC-BB6A-50FBF2C0D3F1}
		{FC566628-CCC4-405A-959E-C18751C0C098} = {2050621A-E20A-44BC-BB6A-50FBF2C0D3F1}
		{4E23AAA0-D9BC-4EB7-B853-9EA8ABFD70C0} = {2050621A-E20A-44BC-BB6A-50FBF2C0D3F1}
		{262ECD83-C207-4E8F-BD87-CE9FAD7FE6FC} = {2050621A-E20A-44BC-BB6A-50FBF2C0D3F1}
		{D1CBE421-596F-43E9-A988-EF60176E89F7} = {2050621A-E20A-44BC-BB6A-50FBF2C0D3F1}
		{2213AA23-AF5D-4DD2-879D-A59666B12F8A} = {2050621A-E20A-44BC-BB6A-50FBF2C0D3F1}
		{EFA8B692-E38F-409B-929A-FC680DFF4C5D} = {2050621A-E20A-44BC-BB6A-50FBF2C0D3F1}
		{0B74E305-3064-421E-B676-D322FE6B3194} = {2050621A-E20A-44BC-BB6A-50FBF2C0D3F1}
	EndGlobalSection
	GlobalSection(ExtensibilityGlobals) = postSolution
		SolutionGuid = {A9E4D799-EFF5-4680-852F-6B8A2A2FBA76}
	EndGlobalSection
EndGlobal
